
Microsoft Visual Studio Solution File, Format Version 12.00
# Visual Studio Version 17
VisualStudioVersion = 17.0.31919.166
MinimumVisualStudioVersion = 10.0.40219.1
Project("{9A19103F-16F7-4668-BE54-9A1E7A4F7556}") = "DAL", "DAL\DAL.csproj", "{404DA8A8-BB0D-407E-9F79-E45D70DEA7B8}"
EndProject
Project("{9A19103F-16F7-4668-BE54-9A1E7A4F7556}") = "BLL", "BLL\BLL.csproj", "{2F8825DC-7A3B-4C70-A9B1-939A8E498735}"
EndProject
Project("{9A19103F-16F7-4668-BE54-9A1E7A4F7556}") = "AuthSwaggerTest", "GoodsTestAuthorizationWithSwagger\AuthSwaggerTest.csproj", "{DB8BB747-BD6E-462C-B30F-6A37ACB08E2C}"
EndProject
Global
	GlobalSection(SolutionConfigurationPlatforms) = preSolution
		Debug|Any CPU = Debug|Any CPU
		Release|Any CPU = Release|Any CPU
	EndGlobalSection
	GlobalSection(ProjectConfigurationPlatforms) = postSolution
		{404DA8A8-BB0D-407E-9F79-E45D70DEA7B8}.Debug|Any CPU.ActiveCfg = Debug|Any CPU
		{404DA8A8-BB0D-407E-9F79-E45D70DEA7B8}.Debug|Any CPU.Build.0 = Debug|Any CPU
		{404DA8A8-BB0D-407E-9F79-E45D70DEA7B8}.Release|Any CPU.ActiveCfg = Release|Any CPU
		{404DA8A8-BB0D-407E-9F79-E45D70DEA7B8}.Release|Any CPU.Build.0 = Release|Any CPU
		{2F8825DC-7A3B-4C70-A9B1-939A8E498735}.Debug|Any CPU.ActiveCfg = Debug|Any CPU
		{2F8825DC-7A3B-4C70-A9B1-939A8E498735}.Debug|Any CPU.Build.0 = Debug|Any CPU
		{2F8825DC-7A3B-4C70-A9B1-939A8E498735}.Release|Any CPU.ActiveCfg = Release|Any CPU
		{2F8825DC-7A3B-4C70-A9B1-939A8E498735}.Release|Any CPU.Build.0 = Release|Any CPU
		{DB8BB747-BD6E-462C-B30F-6A37ACB08E2C}.Debug|Any CPU.ActiveCfg = Debug|Any CPU
		{DB8BB747-BD6E-462C-B30F-6A37ACB08E2C}.Debug|Any CPU.Build.0 = Debug|Any CPU
		{DB8BB747-BD6E-462C-B30F-6A37ACB08E2C}.Release|Any CPU.ActiveCfg = Release|Any CPU
		{DB8BB747-BD6E-462C-B30F-6A37ACB08E2C}.Release|Any CPU.Build.0 = Release|Any CPU
	EndGlobalSection
	GlobalSection(SolutionProperties) = preSolution
		HideSolutionNode = FALSE
	EndGlobalSection
	GlobalSection(ExtensibilityGlobals) = postSolution
		SolutionGuid = {3156DA17-43DB-4AF0-8567-01A6BC1539D8}
	EndGlobalSection
EndGlobal
